
Microsoft Visual Studio Solution File, Format Version 12.00
Project("{FAE04EC0-301F-11D3-BF4B-00C04F79EFBC}") = "TLA_Demo", "TLA_Demo\TLA_Demo.csproj", "{F49726D4-213B-42D9-9E6D-991E98CC72FC}"
EndProject
Global
	GlobalSection(SolutionConfigurationPlatforms) = preSolution
		Debug|Any CPU = Debug|Any CPU
		Release|Any CPU = Release|Any CPU
	EndGlobalSection
	GlobalSection(ProjectConfigurationPlatforms) = postSolution
		{F49726D4-213B-42D9-9E6D-991E98CC72FC}.Debug|Any CPU.ActiveCfg = Debug|Any CPU
		{F49726D4-213B-42D9-9E6D-991E98CC72FC}.Debug|Any CPU.Build.0 = Debug|Any CPU
		{F49726D4-213B-42D9-9E6D-991E98CC72FC}.Release|Any CPU.ActiveCfg = Release|Any CPU
		{F49726D4-213B-42D9-9E6D-991E98CC72FC}.Release|Any CPU.Build.0 = Release|Any CPU
	EndGlobalSection
EndGlobal
